
Microsoft Visual Studio Solution File, Format Version 12.00
# Visual Studio Version 17
VisualStudioVersion = 17.2.32630.192
MinimumVisualStudioVersion = 10.0.40219.1
Project("{FAE04EC0-301F-11D3-BF4B-00C04F79EFBC}") = "ArraysAndLists2", "ArraysAndLists2\ArraysAndLists2.csproj", "{15062E4D-6257-4F22-B560-465D5FFB3FAA}"
EndProject
Global
	GlobalSection(SolutionConfigurationPlatforms) = preSolution
		Debug|Any CPU = Debug|Any CPU
		Release|Any CPU = Release|Any CPU
	EndGlobalSection
	GlobalSection(ProjectConfigurationPlatforms) = postSolution
		{15062E4D-6257-4F22-B560-465D5FFB3FAA}.Debug|Any CPU.ActiveCfg = Debug|Any CPU
		{15062E4D-6257-4F22-B560-465D5FFB3FAA}.Debug|Any CPU.Build.0 = Debug|Any CPU
		{15062E4D-6257-4F22-B560-465D5FFB3FAA}.Release|Any CPU.ActiveCfg = Release|Any CPU
		{15062E4D-6257-4F22-B560-465D5FFB3FAA}.Release|Any CPU.Build.0 = Release|Any CPU
	EndGlobalSection
	GlobalSection(SolutionProperties) = preSolution
		HideSolutionNode = FALSE
	EndGlobalSection
	GlobalSection(ExtensibilityGlobals) = postSolution
		SolutionGuid = {3F1B1C8B-4C28-4B92-A717-67EF8856D7AA}
	EndGlobalSection
EndGlobal
